
Microsoft Visual Studio Solution File, Format Version 12.00
Project("{FAE04EC0-301F-11D3-BF4B-00C04F79EFBC}") = "EventStore.PersistentSubscriptions.Demo", "EventStore.PersistentSubscriptions.Demo\EventStore.PersistentSubscriptions.Demo.csproj", "{093C6C61-BC21-4937-985A-FEBF617DC235}"
EndProject
Global
	GlobalSection(SolutionConfigurationPlatforms) = preSolution
		Debug|Any CPU = Debug|Any CPU
		Release|Any CPU = Release|Any CPU
	EndGlobalSection
	GlobalSection(ProjectConfigurationPlatforms) = postSolution
		{093C6C61-BC21-4937-985A-FEBF617DC235}.Debug|Any CPU.ActiveCfg = Debug|Any CPU
		{093C6C61-BC21-4937-985A-FEBF617DC235}.Debug|Any CPU.Build.0 = Debug|Any CPU
		{093C6C61-BC21-4937-985A-FEBF617DC235}.Release|Any CPU.ActiveCfg = Release|Any CPU
		{093C6C61-BC21-4937-985A-FEBF617DC235}.Release|Any CPU.Build.0 = Release|Any CPU
	EndGlobalSection
EndGlobal
